
Microsoft Visual Studio Solution File, Format Version 12.00
# Visual Studio Version 16
VisualStudioVersion = 16.0.30204.135
MinimumVisualStudioVersion = 10.0.40219.1
Project("{9A19103F-16F7-4668-BE54-9A1E7A4F7556}") = "countVowels", "countVowels\countVowels.csproj", "{B05D5D65-6647-4B56-BA38-B71F5F993BCF}"
EndProject
Project("{9A19103F-16F7-4668-BE54-9A1E7A4F7556}") = "sortedArray", "sortedArray\sortedArray.csproj", "{CEF0EE33-D2E7-43C9-8E07-245C67EB443C}"
EndProject
Project("{FAE04EC0-301F-11D3-BF4B-00C04F79EFBC}") = "caculation", "caculation\caculation.csproj", "{BB1CEA45-973E-4E71-B01C-DC9953FD4141}"
EndProject
Project("{9A19103F-16F7-4668-BE54-9A1E7A4F7556}") = "caculationPerimeter", "caculationPerimeter\caculationPerimeter.csproj", "{1A9DDA11-2760-428F-A59E-FA047961C5C5}"
EndProject
Project("{FAE04EC0-301F-11D3-BF4B-00C04F79EFBC}") = "treeTraversal", "treeTraversal\treeTraversal.csproj", "{53EB6338-949F-48FD-B692-AB4A29991482}"
EndProject
Global
	GlobalSection(SolutionConfigurationPlatforms) = preSolution
		Debug|Any CPU = Debug|Any CPU
		Release|Any CPU = Release|Any CPU
	EndGlobalSection
	GlobalSection(ProjectConfigurationPlatforms) = postSolution
		{B05D5D65-6647-4B56-BA38-B71F5F993BCF}.Debug|Any CPU.ActiveCfg = Debug|Any CPU
		{B05D5D65-6647-4B56-BA38-B71F5F993BCF}.Debug|Any CPU.Build.0 = Debug|Any CPU
		{B05D5D65-6647-4B56-BA38-B71F5F993BCF}.Release|Any CPU.ActiveCfg = Release|Any CPU
		{B05D5D65-6647-4B56-BA38-B71F5F993BCF}.Release|Any CPU.Build.0 = Release|Any CPU
		{CEF0EE33-D2E7-43C9-8E07-245C67EB443C}.Debug|Any CPU.ActiveCfg = Debug|Any CPU
		{CEF0EE33-D2E7-43C9-8E07-245C67EB443C}.Debug|Any CPU.Build.0 = Debug|Any CPU
		{CEF0EE33-D2E7-43C9-8E07-245C67EB443C}.Release|Any CPU.ActiveCfg = Release|Any CPU
		{CEF0EE33-D2E7-43C9-8E07-245C67EB443C}.Release|Any CPU.Build.0 = Release|Any CPU
		{BB1CEA45-973E-4E71-B01C-DC9953FD4141}.Debug|Any CPU.ActiveCfg = Debug|Any CPU
		{BB1CEA45-973E-4E71-B01C-DC9953FD4141}.Debug|Any CPU.Build.0 = Debug|Any CPU
		{BB1CEA45-973E-4E71-B01C-DC9953FD4141}.Release|Any CPU.ActiveCfg = Release|Any CPU
		{BB1CEA45-973E-4E71-B01C-DC9953FD4141}.Release|Any CPU.Build.0 = Release|Any CPU
		{1A9DDA11-2760-428F-A59E-FA047961C5C5}.Debug|Any CPU.ActiveCfg = Debug|Any CPU
		{1A9DDA11-2760-428F-A59E-FA047961C5C5}.Debug|Any CPU.Build.0 = Debug|Any CPU
		{1A9DDA11-2760-428F-A59E-FA047961C5C5}.Release|Any CPU.ActiveCfg = Release|Any CPU
		{1A9DDA11-2760-428F-A59E-FA047961C5C5}.Release|Any CPU.Build.0 = Release|Any CPU
		{53EB6338-949F-48FD-B692-AB4A29991482}.Debug|Any CPU.ActiveCfg = Debug|Any CPU
		{53EB6338-949F-48FD-B692-AB4A29991482}.Debug|Any CPU.Build.0 = Debug|Any CPU
		{53EB6338-949F-48FD-B692-AB4A29991482}.Release|Any CPU.ActiveCfg = Release|Any CPU
		{53EB6338-949F-48FD-B692-AB4A29991482}.Release|Any CPU.Build.0 = Release|Any CPU
	EndGlobalSection
	GlobalSection(SolutionProperties) = preSolution
		HideSolutionNode = FALSE
	EndGlobalSection
	GlobalSection(ExtensibilityGlobals) = postSolution
		SolutionGuid = {66AA5D49-993A-4B58-A04C-90E7B69D018F}
	EndGlobalSection
EndGlobal
